// !$*UTF8*$!
{
	archiveVersion = 1;
	classes = {
	};
	objectVersion = 77;
	objects = {

/* Begin PBXBuildFile section */
		090355E73CD8CE91D184469F /* TraiPulseContextAssemblerTests.swift in Sources */ = {isa = PBXBuildFile; fileRef = C60829DC4A73FC429F2BCAC0 /* TraiPulseContextAssemblerTests.swift */; };
		11005DF0194ABAD4F254B859 /* Foundation.framework in Frameworks */ = {isa = PBXBuildFile; fileRef = 798CA7F0428F6892AAAA2CE4 /* Foundation.framework */; };
		50550A782F2067D000068DCD /* WidgetKit.framework in Frameworks */ = {isa = PBXBuildFile; fileRef = 50550A772F2067D000068DCD /* WidgetKit.framework */; };
		50550A7A2F2067D000068DCD /* SwiftUI.framework in Frameworks */ = {isa = PBXBuildFile; fileRef = 50550A792F2067D000068DCD /* SwiftUI.framework */; };
		50550A8B2F2067D100068DCD /* TraiWidgetsExtension.appex in Embed Foundation Extensions */ = {isa = PBXBuildFile; fileRef = 50550A752F2067D000068DCD /* TraiWidgetsExtension.appex */; settings = {ATTRIBUTES = (RemoveHeadersOnCopy, ); }; };
		A2C961AB7A8B0C439B9FB78A /* XCTest.framework in Frameworks */ = {isa = PBXBuildFile; fileRef = 21244ABFE007089D0AC73493 /* XCTest.framework */; };
		D10000012A00000100D10001 /* TraiUITests.swift in Sources */ = {isa = PBXBuildFile; fileRef = D10000052A00000100D10001 /* TraiUITests.swift */; };
		D10000022A00000100D10001 /* XCTest.framework in Frameworks */ = {isa = PBXBuildFile; fileRef = 21244ABFE007089D0AC73493 /* XCTest.framework */; };
		F20000012A00000100F20001 /* AppRouteTests.swift in Sources */ = {isa = PBXBuildFile; fileRef = F20000022A00000100F20001 /* AppRouteTests.swift */; };
		F20000032A00000100F20001 /* BehaviorProfileServiceTests.swift in Sources */ = {isa = PBXBuildFile; fileRef = F20000042A00000100F20001 /* BehaviorProfileServiceTests.swift */; };
		F20000052A00000100F20001 /* TraiPulsePolicyEngineTests.swift in Sources */ = {isa = PBXBuildFile; fileRef = F20000062A00000100F20001 /* TraiPulsePolicyEngineTests.swift */; };
		F20000072A00000100F20001 /* TraiPulseActionRankerTests.swift in Sources */ = {isa = PBXBuildFile; fileRef = F20000082A00000100F20001 /* TraiPulseActionRankerTests.swift */; };
		F20000092A00000100F20001 /* BehaviorTrackerTests.swift in Sources */ = {isa = PBXBuildFile; fileRef = F200000A2A00000100F20001 /* BehaviorTrackerTests.swift */; };
		F200000B2A00000100F20001 /* TraiPulsePatternServiceTests.swift in Sources */ = {isa = PBXBuildFile; fileRef = F200000C2A00000100F20001 /* TraiPulsePatternServiceTests.swift */; };
		F200000D2A00000100F20001 /* DailyCoachEngineTests.swift in Sources */ = {isa = PBXBuildFile; fileRef = F200000E2A00000100F20001 /* DailyCoachEngineTests.swift */; };
		F200000F2A00000100F20001 /* WorkoutTemplateServiceTests.swift in Sources */ = {isa = PBXBuildFile; fileRef = F20000102A00000100F20001 /* WorkoutTemplateServiceTests.swift */; };
/* End PBXBuildFile section */

/* Begin PBXContainerItemProxy section */
		50550A892F2067D100068DCD /* PBXContainerItemProxy */ = {
			isa = PBXContainerItemProxy;
			containerPortal = 507B711A2EFDE03E00DE636E /* Project object */;
			proxyType = 1;
			remoteGlobalIDString = 50550A742F2067D000068DCD;
			remoteInfo = TraiWidgetsExtension;
		};
		B0ABCB0D9BD74FED2A8F65AC /* PBXContainerItemProxy */ = {
			isa = PBXContainerItemProxy;
			containerPortal = 507B711A2EFDE03E00DE636E /* Project object */;
			proxyType = 1;
			remoteGlobalIDString = 507B71212EFDE03E00DE636E;
			remoteInfo = Trai;
		};
		D10000032A00000100D10001 /* PBXContainerItemProxy */ = {
			isa = PBXContainerItemProxy;
			containerPortal = 507B711A2EFDE03E00DE636E /* Project object */;
			proxyType = 1;
			remoteGlobalIDString = 507B71212EFDE03E00DE636E;
			remoteInfo = Trai;
		};
/* End PBXContainerItemProxy section */

/* Begin PBXCopyFilesBuildPhase section */
		50550A8C2F2067D100068DCD /* Embed Foundation Extensions */ = {
			isa = PBXCopyFilesBuildPhase;
			buildActionMask = 2147483647;
			dstPath = "";
			dstSubfolderSpec = 13;
			files = (
				50550A8B2F2067D100068DCD /* TraiWidgetsExtension.appex in Embed Foundation Extensions */,
			);
			name = "Embed Foundation Extensions";
			runOnlyForDeploymentPostprocessing = 0;
		};
/* End PBXCopyFilesBuildPhase section */

/* Begin PBXFileReference section */
		21244ABFE007089D0AC73493 /* XCTest.framework */ = {isa = PBXFileReference; lastKnownFileType = wrapper.framework; name = XCTest.framework; path = System/Library/Frameworks/XCTest.framework; sourceTree = SDKROOT; };
		50550A752F2067D000068DCD /* TraiWidgetsExtension.appex */ = {isa = PBXFileReference; explicitFileType = "wrapper.app-extension"; includeInIndex = 0; path = TraiWidgetsExtension.appex; sourceTree = BUILT_PRODUCTS_DIR; };
		50550A772F2067D000068DCD /* WidgetKit.framework */ = {isa = PBXFileReference; lastKnownFileType = wrapper.framework; name = WidgetKit.framework; path = System/Library/Frameworks/WidgetKit.framework; sourceTree = SDKROOT; };
		50550A792F2067D000068DCD /* SwiftUI.framework */ = {isa = PBXFileReference; lastKnownFileType = wrapper.framework; name = SwiftUI.framework; path = System/Library/Frameworks/SwiftUI.framework; sourceTree = SDKROOT; };
		507B71222EFDE03E00DE636E /* Trai.app */ = {isa = PBXFileReference; explicitFileType = wrapper.application; includeInIndex = 0; path = Trai.app; sourceTree = BUILT_PRODUCTS_DIR; };
		7888F9EC3466C3F845899CD8 /* TraiTests.xctest */ = {isa = PBXFileReference; explicitFileType = wrapper.cfbundle; includeInIndex = 0; path = TraiTests.xctest; sourceTree = BUILT_PRODUCTS_DIR; };
		798CA7F0428F6892AAAA2CE4 /* Foundation.framework */ = {isa = PBXFileReference; lastKnownFileType = wrapper.framework; name = Foundation.framework; path = Platforms/iPhoneOS.platform/Developer/SDKs/iPhoneOS18.0.sdk/System/Library/Frameworks/Foundation.framework; sourceTree = DEVELOPER_DIR; };
		C60829DC4A73FC429F2BCAC0 /* TraiPulseContextAssemblerTests.swift */ = {isa = PBXFileReference; includeInIndex = 1; lastKnownFileType = sourcecode.swift; path = TraiPulseContextAssemblerTests.swift; sourceTree = "<group>"; };
		D10000042A00000100D10001 /* TraiUITests.xctest */ = {isa = PBXFileReference; explicitFileType = wrapper.cfbundle; includeInIndex = 0; path = TraiUITests.xctest; sourceTree = BUILT_PRODUCTS_DIR; };
		D10000052A00000100D10001 /* TraiUITests.swift */ = {isa = PBXFileReference; includeInIndex = 1; lastKnownFileType = sourcecode.swift; path = TraiUITests.swift; sourceTree = "<group>"; };
		F20000022A00000100F20001 /* AppRouteTests.swift */ = {isa = PBXFileReference; includeInIndex = 1; lastKnownFileType = sourcecode.swift; path = AppRouteTests.swift; sourceTree = "<group>"; };
		F20000042A00000100F20001 /* BehaviorProfileServiceTests.swift */ = {isa = PBXFileReference; includeInIndex = 1; lastKnownFileType = sourcecode.swift; path = BehaviorProfileServiceTests.swift; sourceTree = "<group>"; };
		F20000062A00000100F20001 /* TraiPulsePolicyEngineTests.swift */ = {isa = PBXFileReference; includeInIndex = 1; lastKnownFileType = sourcecode.swift; path = TraiPulsePolicyEngineTests.swift; sourceTree = "<group>"; };
		F20000082A00000100F20001 /* TraiPulseActionRankerTests.swift */ = {isa = PBXFileReference; includeInIndex = 1; lastKnownFileType = sourcecode.swift; path = TraiPulseActionRankerTests.swift; sourceTree = "<group>"; };
		F200000A2A00000100F20001 /* BehaviorTrackerTests.swift */ = {isa = PBXFileReference; includeInIndex = 1; lastKnownFileType = sourcecode.swift; path = BehaviorTrackerTests.swift; sourceTree = "<group>"; };
		F200000C2A00000100F20001 /* TraiPulsePatternServiceTests.swift */ = {isa = PBXFileReference; includeInIndex = 1; lastKnownFileType = sourcecode.swift; path = TraiPulsePatternServiceTests.swift; sourceTree = "<group>"; };
		F200000E2A00000100F20001 /* DailyCoachEngineTests.swift */ = {isa = PBXFileReference; includeInIndex = 1; lastKnownFileType = sourcecode.swift; path = DailyCoachEngineTests.swift; sourceTree = "<group>"; };
		F20000102A00000100F20001 /* WorkoutTemplateServiceTests.swift */ = {isa = PBXFileReference; includeInIndex = 1; lastKnownFileType = sourcecode.swift; path = WorkoutTemplateServiceTests.swift; sourceTree = "<group>"; };
/* End PBXFileReference section */

/* Begin PBXFileSystemSynchronizedBuildFileExceptionSet section */
		50550A8F2F2067D100068DCD /* Exceptions for "TraiWidgets" folder in "TraiWidgetsExtension" target */ = {
			isa = PBXFileSystemSynchronizedBuildFileExceptionSet;
			membershipExceptions = (
				Info.plist,
			);
			target = 50550A742F2067D000068DCD /* TraiWidgetsExtension */;
		};
/* End PBXFileSystemSynchronizedBuildFileExceptionSet section */

/* Begin PBXFileSystemSynchronizedRootGroup section */
		50550A7B2F2067D000068DCD /* TraiWidgets */ = {
			isa = PBXFileSystemSynchronizedRootGroup;
			exceptions = (
				50550A8F2F2067D100068DCD /* Exceptions for "TraiWidgets" folder in "TraiWidgetsExtension" target */,
			);
			path = TraiWidgets;
			sourceTree = "<group>";
		};
		507B71242EFDE03E00DE636E /* Trai */ = {
			isa = PBXFileSystemSynchronizedRootGroup;
			path = Trai;
			sourceTree = "<group>";
		};
		60A0C0013B00000100A0C001 /* Shared */ = {
			isa = PBXFileSystemSynchronizedRootGroup;
			path = Shared;
			sourceTree = "<group>";
		};
/* End PBXFileSystemSynchronizedRootGroup section */

/* Begin PBXFrameworksBuildPhase section */
		219D9E9A84CE8EA01E63B82C /* Frameworks */ = {
			isa = PBXFrameworksBuildPhase;
			buildActionMask = 2147483647;
			files = (
				11005DF0194ABAD4F254B859 /* Foundation.framework in Frameworks */,
				A2C961AB7A8B0C439B9FB78A /* XCTest.framework in Frameworks */,
			);
			runOnlyForDeploymentPostprocessing = 0;
		};
		50550A722F2067D000068DCD /* Frameworks */ = {
			isa = PBXFrameworksBuildPhase;
			buildActionMask = 2147483647;
			files = (
				50550A7A2F2067D000068DCD /* SwiftUI.framework in Frameworks */,
				50550A782F2067D000068DCD /* WidgetKit.framework in Frameworks */,
			);
			runOnlyForDeploymentPostprocessing = 0;
		};
		507B711F2EFDE03E00DE636E /* Frameworks */ = {
			isa = PBXFrameworksBuildPhase;
			buildActionMask = 2147483647;
			files = (
			);
			runOnlyForDeploymentPostprocessing = 0;
		};
		D10000072A00000100D10001 /* Frameworks */ = {
			isa = PBXFrameworksBuildPhase;
			buildActionMask = 2147483647;
			files = (
				D10000022A00000100D10001 /* XCTest.framework in Frameworks */,
			);
			runOnlyForDeploymentPostprocessing = 0;
		};
/* End PBXFrameworksBuildPhase section */

/* Begin PBXGroup section */
		50550A762F2067D000068DCD /* Frameworks */ = {
			isa = PBXGroup;
			children = (
				50550A772F2067D000068DCD /* WidgetKit.framework */,
				50550A792F2067D000068DCD /* SwiftUI.framework */,
				A2FDE580BCB52BE8D6CF5033 /* iOS */,
				21244ABFE007089D0AC73493 /* XCTest.framework */,
			);
			name = Frameworks;
			sourceTree = "<group>";
		};
		507B71192EFDE03E00DE636E = {
			isa = PBXGroup;
			children = (
				507B71242EFDE03E00DE636E /* Trai */,
				50550A7B2F2067D000068DCD /* TraiWidgets */,
				60A0C0013B00000100A0C001 /* Shared */,
				50550A762F2067D000068DCD /* Frameworks */,
				507B71232EFDE03E00DE636E /* Products */,
				BD0EB4BE4273B147615FCF00 /* TraiTests */,
				D10000062A00000100D10001 /* TraiUITests */,
			);
			sourceTree = "<group>";
		};
		507B71232EFDE03E00DE636E /* Products */ = {
			isa = PBXGroup;
			children = (
				507B71222EFDE03E00DE636E /* Trai.app */,
				50550A752F2067D000068DCD /* TraiWidgetsExtension.appex */,
				7888F9EC3466C3F845899CD8 /* TraiTests.xctest */,
				D10000042A00000100D10001 /* TraiUITests.xctest */,
			);
			name = Products;
			sourceTree = "<group>";
		};
		A2FDE580BCB52BE8D6CF5033 /* iOS */ = {
			isa = PBXGroup;
			children = (
				798CA7F0428F6892AAAA2CE4 /* Foundation.framework */,
			);
			name = iOS;
			sourceTree = "<group>";
		};
		BD0EB4BE4273B147615FCF00 /* TraiTests */ = {
			isa = PBXGroup;
			children = (
				F20000022A00000100F20001 /* AppRouteTests.swift */,
				F20000042A00000100F20001 /* BehaviorProfileServiceTests.swift */,
				F200000A2A00000100F20001 /* BehaviorTrackerTests.swift */,
				F200000E2A00000100F20001 /* DailyCoachEngineTests.swift */,
				C60829DC4A73FC429F2BCAC0 /* TraiPulseContextAssemblerTests.swift */,
				F20000082A00000100F20001 /* TraiPulseActionRankerTests.swift */,
				F200000C2A00000100F20001 /* TraiPulsePatternServiceTests.swift */,
				F20000062A00000100F20001 /* TraiPulsePolicyEngineTests.swift */,
				F20000102A00000100F20001 /* WorkoutTemplateServiceTests.swift */,
			);
			path = TraiTests;
			sourceTree = "<group>";
		};
		D10000062A00000100D10001 /* TraiUITests */ = {
			isa = PBXGroup;
			children = (
				D10000052A00000100D10001 /* TraiUITests.swift */,
			);
			path = TraiUITests;
			sourceTree = "<group>";
		};
/* End PBXGroup section */

/* Begin PBXNativeTarget section */
		50550A742F2067D000068DCD /* TraiWidgetsExtension */ = {
			isa = PBXNativeTarget;
			buildConfigurationList = 50550A902F2067D100068DCD /* Build configuration list for PBXNativeTarget "TraiWidgetsExtension" */;
			buildPhases = (
				50550A712F2067D000068DCD /* Sources */,
				50550A722F2067D000068DCD /* Frameworks */,
				50550A732F2067D000068DCD /* Resources */,
			);
			buildRules = (
			);
			dependencies = (
			);
			fileSystemSynchronizedGroups = (
				50550A7B2F2067D000068DCD /* TraiWidgets */,
				60A0C0013B00000100A0C001 /* Shared */,
			);
			name = TraiWidgetsExtension;
			productName = TraiWidgetsExtension;
			productReference = 50550A752F2067D000068DCD /* TraiWidgetsExtension.appex */;
			productType = "com.apple.product-type.app-extension";
		};
		507B71212EFDE03E00DE636E /* Trai */ = {
			isa = PBXNativeTarget;
			buildConfigurationList = 507B712D2EFDE03F00DE636E /* Build configuration list for PBXNativeTarget "Trai" */;
			buildPhases = (
				507B711E2EFDE03E00DE636E /* Sources */,
				507B711F2EFDE03E00DE636E /* Frameworks */,
				507B71202EFDE03E00DE636E /* Resources */,
				50550A8C2F2067D100068DCD /* Embed Foundation Extensions */,
			);
			buildRules = (
			);
			dependencies = (
				50550A8A2F2067D100068DCD /* PBXTargetDependency */,
			);
			fileSystemSynchronizedGroups = (
				507B71242EFDE03E00DE636E /* Trai */,
				60A0C0013B00000100A0C001 /* Shared */,
			);
			name = Trai;
			productName = Trai;
			productReference = 507B71222EFDE03E00DE636E /* Trai.app */;
			productType = "com.apple.product-type.application";
		};
		D10000082A00000100D10001 /* TraiUITests */ = {
			isa = PBXNativeTarget;
			buildConfigurationList = D100000E2A00000100D10001 /* Build configuration list for PBXNativeTarget "TraiUITests" */;
			buildPhases = (
				D100000A2A00000100D10001 /* Sources */,
				D10000072A00000100D10001 /* Frameworks */,
				D10000092A00000100D10001 /* Resources */,
			);
			buildRules = (
			);
			dependencies = (
				D100000B2A00000100D10001 /* PBXTargetDependency */,
			);
			name = TraiUITests;
			productName = TraiUITests;
			productReference = D10000042A00000100D10001 /* TraiUITests.xctest */;
			productType = "com.apple.product-type.bundle.ui-testing";
		};
		FC994245983587BA3218A0DE /* TraiTests */ = {
			isa = PBXNativeTarget;
			buildConfigurationList = 3F9346387A9047254285043D /* Build configuration list for PBXNativeTarget "TraiTests" */;
			buildPhases = (
				6D43421B999D4EF7C5BE7BAB /* Sources */,
				219D9E9A84CE8EA01E63B82C /* Frameworks */,
				F3DEBD99679C88464AD081C9 /* Resources */,
			);
			buildRules = (
			);
			dependencies = (
				3295DD2F2076AA7B70BA4523 /* PBXTargetDependency */,
			);
			name = TraiTests;
			productName = TraiTests;
			productReference = 7888F9EC3466C3F845899CD8 /* TraiTests.xctest */;
			productType = "com.apple.product-type.bundle.unit-test";
		};
/* End PBXNativeTarget section */

/* Begin PBXProject section */
		507B711A2EFDE03E00DE636E /* Project object */ = {
			isa = PBXProject;
			attributes = {
				BuildIndependentTargetsInParallel = 1;
				LastSwiftUpdateCheck = 2620;
				LastUpgradeCheck = 2610;
				TargetAttributes = {
					50550A742F2067D000068DCD = {
						CreatedOnToolsVersion = 26.2;
					};
					507B71212EFDE03E00DE636E = {
						CreatedOnToolsVersion = 26.1;
					};
					D10000082A00000100D10001 = {
						CreatedOnToolsVersion = 26.2;
						TestTargetID = 507B71212EFDE03E00DE636E;
					};
				};
			};
			buildConfigurationList = 507B711D2EFDE03E00DE636E /* Build configuration list for PBXProject "Trai" */;
			developmentRegion = en;
			hasScannedForEncodings = 0;
			knownRegions = (
				en,
				Base,
			);
			mainGroup = 507B71192EFDE03E00DE636E;
			minimizedProjectReferenceProxies = 1;
			preferredProjectObjectVersion = 77;
			productRefGroup = 507B71232EFDE03E00DE636E /* Products */;
			projectDirPath = "";
			projectRoot = "";
			targets = (
				507B71212EFDE03E00DE636E /* Trai */,
				50550A742F2067D000068DCD /* TraiWidgetsExtension */,
				FC994245983587BA3218A0DE /* TraiTests */,
				D10000082A00000100D10001 /* TraiUITests */,
			);
		};
/* End PBXProject section */

/* Begin PBXResourcesBuildPhase section */
		50550A732F2067D000068DCD /* Resources */ = {
			isa = PBXResourcesBuildPhase;
			buildActionMask = 2147483647;
			files = (
			);
			runOnlyForDeploymentPostprocessing = 0;
		};
		507B71202EFDE03E00DE636E /* Resources */ = {
			isa = PBXResourcesBuildPhase;
			buildActionMask = 2147483647;
			files = (
			);
			runOnlyForDeploymentPostprocessing = 0;
		};
		D10000092A00000100D10001 /* Resources */ = {
			isa = PBXResourcesBuildPhase;
			buildActionMask = 2147483647;
			files = (
			);
			runOnlyForDeploymentPostprocessing = 0;
		};
		F3DEBD99679C88464AD081C9 /* Resources */ = {
			isa = PBXResourcesBuildPhase;
			buildActionMask = 2147483647;
			files = (
			);
			runOnlyForDeploymentPostprocessing = 0;
		};
/* End PBXResourcesBuildPhase section */

/* Begin PBXSourcesBuildPhase section */
		50550A712F2067D000068DCD /* Sources */ = {
			isa = PBXSourcesBuildPhase;
			buildActionMask = 2147483647;
			files = (
			);
			runOnlyForDeploymentPostprocessing = 0;
		};
		507B711E2EFDE03E00DE636E /* Sources */ = {
			isa = PBXSourcesBuildPhase;
			buildActionMask = 2147483647;
			files = (
			);
			runOnlyForDeploymentPostprocessing = 0;
		};
		6D43421B999D4EF7C5BE7BAB /* Sources */ = {
			isa = PBXSourcesBuildPhase;
			buildActionMask = 2147483647;
			files = (
				F20000012A00000100F20001 /* AppRouteTests.swift in Sources */,
				F20000032A00000100F20001 /* BehaviorProfileServiceTests.swift in Sources */,
				F20000092A00000100F20001 /* BehaviorTrackerTests.swift in Sources */,
				F200000D2A00000100F20001 /* DailyCoachEngineTests.swift in Sources */,
				090355E73CD8CE91D184469F /* TraiPulseContextAssemblerTests.swift in Sources */,
				F20000072A00000100F20001 /* TraiPulseActionRankerTests.swift in Sources */,
				F200000B2A00000100F20001 /* TraiPulsePatternServiceTests.swift in Sources */,
				F20000052A00000100F20001 /* TraiPulsePolicyEngineTests.swift in Sources */,
				F200000F2A00000100F20001 /* WorkoutTemplateServiceTests.swift in Sources */,
			);
			runOnlyForDeploymentPostprocessing = 0;
		};
		D100000A2A00000100D10001 /* Sources */ = {
			isa = PBXSourcesBuildPhase;
			buildActionMask = 2147483647;
			files = (
				D10000012A00000100D10001 /* TraiUITests.swift in Sources */,
			);
			runOnlyForDeploymentPostprocessing = 0;
		};
/* End PBXSourcesBuildPhase section */

/* Begin PBXTargetDependency section */
		3295DD2F2076AA7B70BA4523 /* PBXTargetDependency */ = {
			isa = PBXTargetDependency;
			name = Trai;
			target = 507B71212EFDE03E00DE636E /* Trai */;
			targetProxy = B0ABCB0D9BD74FED2A8F65AC /* PBXContainerItemProxy */;
		};
		50550A8A2F2067D100068DCD /* PBXTargetDependency */ = {
			isa = PBXTargetDependency;
			target = 50550A742F2067D000068DCD /* TraiWidgetsExtension */;
			targetProxy = 50550A892F2067D100068DCD /* PBXContainerItemProxy */;
		};
		D100000B2A00000100D10001 /* PBXTargetDependency */ = {
			isa = PBXTargetDependency;
			name = Trai;
			target = 507B71212EFDE03E00DE636E /* Trai */;
			targetProxy = D10000032A00000100D10001 /* PBXContainerItemProxy */;
		};
/* End PBXTargetDependency section */

/* Begin XCBuildConfiguration section */
		50550A8D2F2067D100068DCD /* Debug */ = {
			isa = XCBuildConfiguration;
			buildSettings = {
				ASSETCATALOG_COMPILER_GLOBAL_ACCENT_COLOR_NAME = AccentColor;
				ASSETCATALOG_COMPILER_WIDGET_BACKGROUND_COLOR_NAME = WidgetBackground;
				CODE_SIGN_ENTITLEMENTS = TraiWidgets/TraiWidgets.entitlements;
				CODE_SIGN_STYLE = Automatic;
				CURRENT_PROJECT_VERSION = 1;
				DEVELOPMENT_TEAM = C4MRP56MF5;
				GENERATE_INFOPLIST_FILE = YES;
				INFOPLIST_FILE = TraiWidgets/Info.plist;
				INFOPLIST_KEY_CFBundleDisplayName = TraiWidgets;
				INFOPLIST_KEY_NSHumanReadableCopyright = "";
				IPHONEOS_DEPLOYMENT_TARGET = 26.2;
				LD_RUNPATH_SEARCH_PATHS = (
					"$(inherited)",
					"@executable_path/Frameworks",
					"@executable_path/../../Frameworks",
				);
				MARKETING_VERSION = 1.0;
				PRODUCT_BUNDLE_IDENTIFIER = Nadav.Trai.TraiWidgets;
				PRODUCT_NAME = "$(TARGET_NAME)";
				SKIP_INSTALL = YES;
				STRING_CATALOG_GENERATE_SYMBOLS = YES;
				SWIFT_APPROACHABLE_CONCURRENCY = YES;
				SWIFT_EMIT_LOC_STRINGS = YES;
				SWIFT_UPCOMING_FEATURE_MEMBER_IMPORT_VISIBILITY = YES;
				SWIFT_VERSION = 5.0;
				TARGETED_DEVICE_FAMILY = "1,2";
			};
			name = Debug;
		};
		50550A8E2F2067D100068DCD /* Release */ = {
			isa = XCBuildConfiguration;
			buildSettings = {
				ASSETCATALOG_COMPILER_GLOBAL_ACCENT_COLOR_NAME = AccentColor;
				ASSETCATALOG_COMPILER_WIDGET_BACKGROUND_COLOR_NAME = WidgetBackground;
				CODE_SIGN_ENTITLEMENTS = TraiWidgets/TraiWidgets.entitlements;
				CODE_SIGN_STYLE = Automatic;
				CURRENT_PROJECT_VERSION = 1;
				DEVELOPMENT_TEAM = C4MRP56MF5;
				GENERATE_INFOPLIST_FILE = YES;
				INFOPLIST_FILE = TraiWidgets/Info.plist;
				INFOPLIST_KEY_CFBundleDisplayName = TraiWidgets;
				INFOPLIST_KEY_NSHumanReadableCopyright = "";
				IPHONEOS_DEPLOYMENT_TARGET = 26.2;
				LD_RUNPATH_SEARCH_PATHS = (
					"$(inherited)",
					"@executable_path/Frameworks",
					"@executable_path/../../Frameworks",
				);
				MARKETING_VERSION = 1.0;
				PRODUCT_BUNDLE_IDENTIFIER = Nadav.Trai.TraiWidgets;
				PRODUCT_NAME = "$(TARGET_NAME)";
				SKIP_INSTALL = YES;
				STRING_CATALOG_GENERATE_SYMBOLS = YES;
				SWIFT_APPROACHABLE_CONCURRENCY = YES;
				SWIFT_EMIT_LOC_STRINGS = YES;
				SWIFT_UPCOMING_FEATURE_MEMBER_IMPORT_VISIBILITY = YES;
				SWIFT_VERSION = 5.0;
				TARGETED_DEVICE_FAMILY = "1,2";
			};
			name = Release;
		};
		507B712B2EFDE03F00DE636E /* Debug */ = {
			isa = XCBuildConfiguration;
			buildSettings = {
				ALWAYS_SEARCH_USER_PATHS = NO;
				ASSETCATALOG_COMPILER_GENERATE_SWIFT_ASSET_SYMBOL_EXTENSIONS = YES;
				CLANG_ANALYZER_NONNULL = YES;
				CLANG_ANALYZER_NUMBER_OBJECT_CONVERSION = YES_AGGRESSIVE;
				CLANG_CXX_LANGUAGE_STANDARD = "gnu++20";
				CLANG_ENABLE_MODULES = YES;
				CLANG_ENABLE_OBJC_ARC = YES;
				CLANG_ENABLE_OBJC_WEAK = YES;
				CLANG_WARN_BLOCK_CAPTURE_AUTORELEASING = YES;
				CLANG_WARN_BOOL_CONVERSION = YES;
				CLANG_WARN_COMMA = YES;
				CLANG_WARN_CONSTANT_CONVERSION = YES;
				CLANG_WARN_DEPRECATED_OBJC_IMPLEMENTATIONS = YES;
				CLANG_WARN_DIRECT_OBJC_ISA_USAGE = YES_ERROR;
				CLANG_WARN_DOCUMENTATION_COMMENTS = YES;
				CLANG_WARN_EMPTY_BODY = YES;
				CLANG_WARN_ENUM_CONVERSION = YES;
				CLANG_WARN_INFINITE_RECURSION = YES;
				CLANG_WARN_INT_CONVERSION = YES;
				CLANG_WARN_NON_LITERAL_NULL_CONVERSION = YES;
				CLANG_WARN_OBJC_IMPLICIT_RETAIN_SELF = YES;
				CLANG_WARN_OBJC_LITERAL_CONVERSION = YES;
				CLANG_WARN_OBJC_ROOT_CLASS = YES_ERROR;
				CLANG_WARN_QUOTED_INCLUDE_IN_FRAMEWORK_HEADER = YES;
				CLANG_WARN_RANGE_LOOP_ANALYSIS = YES;
				CLANG_WARN_STRICT_PROTOTYPES = YES;
				CLANG_WARN_SUSPICIOUS_MOVE = YES;
				CLANG_WARN_UNGUARDED_AVAILABILITY = YES_AGGRESSIVE;
				CLANG_WARN_UNREACHABLE_CODE = YES;
				CLANG_WARN__DUPLICATE_METHOD_MATCH = YES;
				COPY_PHASE_STRIP = NO;
				DEBUG_INFORMATION_FORMAT = dwarf;
				DEVELOPMENT_TEAM = C4MRP56MF5;
				ENABLE_STRICT_OBJC_MSGSEND = YES;
				ENABLE_TESTABILITY = YES;
				ENABLE_USER_SCRIPT_SANDBOXING = YES;
				GCC_C_LANGUAGE_STANDARD = gnu17;
				GCC_DYNAMIC_NO_PIC = NO;
				GCC_NO_COMMON_BLOCKS = YES;
				GCC_OPTIMIZATION_LEVEL = 0;
				GCC_PREPROCESSOR_DEFINITIONS = (
					"DEBUG=1",
					"$(inherited)",
				);
				GCC_WARN_64_TO_32_BIT_CONVERSION = YES;
				GCC_WARN_ABOUT_RETURN_TYPE = YES_ERROR;
				GCC_WARN_UNDECLARED_SELECTOR = YES;
				GCC_WARN_UNINITIALIZED_AUTOS = YES_AGGRESSIVE;
				GCC_WARN_UNUSED_FUNCTION = YES;
				GCC_WARN_UNUSED_VARIABLE = YES;
				IPHONEOS_DEPLOYMENT_TARGET = 26.1;
				LOCALIZATION_PREFERS_STRING_CATALOGS = YES;
				MTL_ENABLE_DEBUG_INFO = INCLUDE_SOURCE;
				MTL_FAST_MATH = YES;
				ONLY_ACTIVE_ARCH = YES;
				SDKROOT = iphoneos;
				SWIFT_ACTIVE_COMPILATION_CONDITIONS = "DEBUG $(inherited)";
				SWIFT_OPTIMIZATION_LEVEL = "-Onone";
			};
			name = Debug;
		};
		507B712C2EFDE03F00DE636E /* Release */ = {
			isa = XCBuildConfiguration;
			buildSettings = {
				ALWAYS_SEARCH_USER_PATHS = NO;
				ASSETCATALOG_COMPILER_GENERATE_SWIFT_ASSET_SYMBOL_EXTENSIONS = YES;
				CLANG_ANALYZER_NONNULL = YES;
				CLANG_ANALYZER_NUMBER_OBJECT_CONVERSION = YES_AGGRESSIVE;
				CLANG_CXX_LANGUAGE_STANDARD = "gnu++20";
				CLANG_ENABLE_MODULES = YES;
				CLANG_ENABLE_OBJC_ARC = YES;
				CLANG_ENABLE_OBJC_WEAK = YES;
				CLANG_WARN_BLOCK_CAPTURE_AUTORELEASING = YES;
				CLANG_WARN_BOOL_CONVERSION = YES;
				CLANG_WARN_COMMA = YES;
				CLANG_WARN_CONSTANT_CONVERSION = YES;
				CLANG_WARN_DEPRECATED_OBJC_IMPLEMENTATIONS = YES;
				CLANG_WARN_DIRECT_OBJC_ISA_USAGE = YES_ERROR;
				CLANG_WARN_DOCUMENTATION_COMMENTS = YES;
				CLANG_WARN_EMPTY_BODY = YES;
				CLANG_WARN_ENUM_CONVERSION = YES;
				CLANG_WARN_INFINITE_RECURSION = YES;
				CLANG_WARN_INT_CONVERSION = YES;
				CLANG_WARN_NON_LITERAL_NULL_CONVERSION = YES;
				CLANG_WARN_OBJC_IMPLICIT_RETAIN_SELF = YES;
				CLANG_WARN_OBJC_LITERAL_CONVERSION = YES;
				CLANG_WARN_OBJC_ROOT_CLASS = YES_ERROR;
				CLANG_WARN_QUOTED_INCLUDE_IN_FRAMEWORK_HEADER = YES;
				CLANG_WARN_RANGE_LOOP_ANALYSIS = YES;
				CLANG_WARN_STRICT_PROTOTYPES = YES;
				CLANG_WARN_SUSPICIOUS_MOVE = YES;
				CLANG_WARN_UNGUARDED_AVAILABILITY = YES_AGGRESSIVE;
				CLANG_WARN_UNREACHABLE_CODE = YES;
				CLANG_WARN__DUPLICATE_METHOD_MATCH = YES;
				COPY_PHASE_STRIP = NO;
				DEBUG_INFORMATION_FORMAT = "dwarf-with-dsym";
				DEVELOPMENT_TEAM = C4MRP56MF5;
				ENABLE_NS_ASSERTIONS = NO;
				ENABLE_STRICT_OBJC_MSGSEND = YES;
				ENABLE_USER_SCRIPT_SANDBOXING = YES;
				GCC_C_LANGUAGE_STANDARD = gnu17;
				GCC_NO_COMMON_BLOCKS = YES;
				GCC_WARN_64_TO_32_BIT_CONVERSION = YES;
				GCC_WARN_ABOUT_RETURN_TYPE = YES_ERROR;
				GCC_WARN_UNDECLARED_SELECTOR = YES;
				GCC_WARN_UNINITIALIZED_AUTOS = YES_AGGRESSIVE;
				GCC_WARN_UNUSED_FUNCTION = YES;
				GCC_WARN_UNUSED_VARIABLE = YES;
				IPHONEOS_DEPLOYMENT_TARGET = 26.1;
				LOCALIZATION_PREFERS_STRING_CATALOGS = YES;
				MTL_ENABLE_DEBUG_INFO = NO;
				MTL_FAST_MATH = YES;
				SDKROOT = iphoneos;
				SWIFT_COMPILATION_MODE = wholemodule;
				VALIDATE_PRODUCT = YES;
			};
			name = Release;
		};
		507B712E2EFDE03F00DE636E /* Debug */ = {
			isa = XCBuildConfiguration;
			buildSettings = {
				ASSETCATALOG_COMPILER_APPICON_NAME = TraiIcon;
				ASSETCATALOG_COMPILER_GLOBAL_ACCENT_COLOR_NAME = AccentColor;
				CODE_SIGN_ENTITLEMENTS = Trai/Trai.entitlements;
				CODE_SIGN_STYLE = Automatic;
				CURRENT_PROJECT_VERSION = 1;
				DEVELOPMENT_TEAM = C4MRP56MF5;
				ENABLE_PREVIEWS = YES;
				GENERATE_INFOPLIST_FILE = YES;
				INFOPLIST_FILE = TraiAppInfo.plist;
				INFOPLIST_KEY_NSCameraUsageDescription = "Trai needs camera access to take photos of your food for AI analysis";
				INFOPLIST_KEY_NSHealthShareUsageDescription = "Trai reads your health data to track workouts, weight, and body composition";
				INFOPLIST_KEY_NSHealthUpdateUsageDescription = "Trai saves your weight and nutrition data to Apple Health";
				INFOPLIST_KEY_NSPhotoLibraryUsageDescription = "Trai needs photo library access to select food photos for AI analysis";
				INFOPLIST_KEY_NSSupportsLiveActivities = YES;
				INFOPLIST_KEY_UIApplicationSceneManifest_Generation = YES;
				INFOPLIST_KEY_UIApplicationSupportsIndirectInputEvents = YES;
				INFOPLIST_KEY_UILaunchScreen_Generation = YES;
				INFOPLIST_KEY_UISupportedInterfaceOrientations_iPad = "UIInterfaceOrientationPortrait UIInterfaceOrientationPortraitUpsideDown UIInterfaceOrientationLandscapeLeft UIInterfaceOrientationLandscapeRight";
				INFOPLIST_KEY_UISupportedInterfaceOrientations_iPhone = "UIInterfaceOrientationPortrait UIInterfaceOrientationLandscapeLeft UIInterfaceOrientationLandscapeRight";
				LD_RUNPATH_SEARCH_PATHS = (
					"$(inherited)",
					"@executable_path/Frameworks",
				);
				MARKETING_VERSION = 1.0;
				PRODUCT_BUNDLE_IDENTIFIER = Nadav.Trai;
				PRODUCT_NAME = "$(TARGET_NAME)";
				STRING_CATALOG_GENERATE_SYMBOLS = YES;
				SWIFT_APPROACHABLE_CONCURRENCY = YES;
				SWIFT_DEFAULT_ACTOR_ISOLATION = MainActor;
				SWIFT_EMIT_LOC_STRINGS = YES;
				SWIFT_UPCOMING_FEATURE_MEMBER_IMPORT_VISIBILITY = YES;
				SWIFT_VERSION = 5.0;
				TARGETED_DEVICE_FAMILY = "1,2";
			};
			name = Debug;
		};
		507B712F2EFDE03F00DE636E /* Release */ = {
			isa = XCBuildConfiguration;
			buildSettings = {
				ASSETCATALOG_COMPILER_APPICON_NAME = TraiIcon;
				ASSETCATALOG_COMPILER_GLOBAL_ACCENT_COLOR_NAME = AccentColor;
				CODE_SIGN_ENTITLEMENTS = Trai/Trai.entitlements;
				CODE_SIGN_STYLE = Automatic;
				CURRENT_PROJECT_VERSION = 1;
				DEVELOPMENT_TEAM = C4MRP56MF5;
				ENABLE_PREVIEWS = YES;
				GENERATE_INFOPLIST_FILE = YES;
				INFOPLIST_FILE = TraiAppInfo.plist;
				INFOPLIST_KEY_NSCameraUsageDescription = "Trai needs camera access to take photos of your food for AI analysis";
				INFOPLIST_KEY_NSHealthShareUsageDescription = "Trai reads your health data to track workouts, weight, and body composition";
				INFOPLIST_KEY_NSHealthUpdateUsageDescription = "Trai saves your weight and nutrition data to Apple Health";
				INFOPLIST_KEY_NSPhotoLibraryUsageDescription = "Trai needs photo library access to select food photos for AI analysis";
				INFOPLIST_KEY_NSSupportsLiveActivities = YES;
				INFOPLIST_KEY_UIApplicationSceneManifest_Generation = YES;
				INFOPLIST_KEY_UIApplicationSupportsIndirectInputEvents = YES;
				INFOPLIST_KEY_UILaunchScreen_Generation = YES;
				INFOPLIST_KEY_UISupportedInterfaceOrientations_iPad = "UIInterfaceOrientationPortrait UIInterfaceOrientationPortraitUpsideDown UIInterfaceOrientationLandscapeLeft UIInterfaceOrientationLandscapeRight";
				INFOPLIST_KEY_UISupportedInterfaceOrientations_iPhone = "UIInterfaceOrientationPortrait UIInterfaceOrientationLandscapeLeft UIInterfaceOrientationLandscapeRight";
				LD_RUNPATH_SEARCH_PATHS = (
					"$(inherited)",
					"@executable_path/Frameworks",
				);
				MARKETING_VERSION = 1.0;
				PRODUCT_BUNDLE_IDENTIFIER = Nadav.Trai;
				PRODUCT_NAME = "$(TARGET_NAME)";
				STRING_CATALOG_GENERATE_SYMBOLS = YES;
				SWIFT_APPROACHABLE_CONCURRENCY = YES;
				SWIFT_DEFAULT_ACTOR_ISOLATION = MainActor;
				SWIFT_EMIT_LOC_STRINGS = YES;
				SWIFT_UPCOMING_FEATURE_MEMBER_IMPORT_VISIBILITY = YES;
				SWIFT_VERSION = 5.0;
				TARGETED_DEVICE_FAMILY = "1,2";
			};
			name = Release;
		};
		6C4FF228DED09E0778D0ADFB /* Release */ = {
			isa = XCBuildConfiguration;
			buildSettings = {
				BUNDLE_LOADER = "$(TEST_HOST)";
				CLANG_ENABLE_OBJC_WEAK = NO;
				CODE_SIGNING_ALLOWED = NO;
				GENERATE_INFOPLIST_FILE = YES;
				IPHONEOS_DEPLOYMENT_TARGET = 26.1;
				PRODUCT_BUNDLE_IDENTIFIER = Nadav.Trai.TraiTests;
				PRODUCT_MODULE_NAME = TraiTests;
				PRODUCT_NAME = "$(TARGET_NAME)";
				SDKROOT = iphoneos;
				SWIFT_VERSION = 5.0;
				TEST_HOST = "$(BUILT_PRODUCTS_DIR)/Trai.app/Trai";
				VALIDATE_PRODUCT = YES;
			};
			name = Release;
		};
		D100000C2A00000100D10001 /* Debug */ = {
			isa = XCBuildConfiguration;
			buildSettings = {
				CODE_SIGNING_ALLOWED = NO;
				GENERATE_INFOPLIST_FILE = YES;
				IPHONEOS_DEPLOYMENT_TARGET = 26.1;
				PRODUCT_BUNDLE_IDENTIFIER = Nadav.Trai.TraiUITests;
				PRODUCT_NAME = "$(TARGET_NAME)";
				SDKROOT = iphoneos;
				SWIFT_VERSION = 5.0;
				TEST_TARGET_NAME = Trai;
			};
			name = Debug;
		};
		D100000D2A00000100D10001 /* Release */ = {
			isa = XCBuildConfiguration;
			buildSettings = {
				CODE_SIGNING_ALLOWED = NO;
				GENERATE_INFOPLIST_FILE = YES;
				IPHONEOS_DEPLOYMENT_TARGET = 26.1;
				PRODUCT_BUNDLE_IDENTIFIER = Nadav.Trai.TraiUITests;
				PRODUCT_NAME = "$(TARGET_NAME)";
				SDKROOT = iphoneos;
				SWIFT_VERSION = 5.0;
				TEST_TARGET_NAME = Trai;
				VALIDATE_PRODUCT = YES;
			};
			name = Release;
		};
		D9A4AFEAFF33339F073B38DB /* Debug */ = {
			isa = XCBuildConfiguration;
			buildSettings = {
				BUNDLE_LOADER = "$(TEST_HOST)";
				CLANG_ENABLE_OBJC_WEAK = NO;
				CODE_SIGNING_ALLOWED = NO;
				GENERATE_INFOPLIST_FILE = YES;
				IPHONEOS_DEPLOYMENT_TARGET = 26.1;
				PRODUCT_BUNDLE_IDENTIFIER = Nadav.Trai.TraiTests;
				PRODUCT_MODULE_NAME = TraiTests;
				PRODUCT_NAME = "$(TARGET_NAME)";
				SDKROOT = iphoneos;
				SWIFT_VERSION = 5.0;
				TEST_HOST = "$(BUILT_PRODUCTS_DIR)/Trai.app/Trai";
			};
			name = Debug;
		};
/* End XCBuildConfiguration section */

/* Begin XCConfigurationList section */
		3F9346387A9047254285043D /* Build configuration list for PBXNativeTarget "TraiTests" */ = {
			isa = XCConfigurationList;
			buildConfigurations = (
				6C4FF228DED09E0778D0ADFB /* Release */,
				D9A4AFEAFF33339F073B38DB /* Debug */,
			);
			defaultConfigurationIsVisible = 0;
			defaultConfigurationName = Release;
		};
		50550A902F2067D100068DCD /* Build configuration list for PBXNativeTarget "TraiWidgetsExtension" */ = {
			isa = XCConfigurationList;
			buildConfigurations = (
				50550A8D2F2067D100068DCD /* Debug */,
				50550A8E2F2067D100068DCD /* Release */,
			);
			defaultConfigurationIsVisible = 0;
			defaultConfigurationName = Release;
		};
		507B711D2EFDE03E00DE636E /* Build configuration list for PBXProject "Trai" */ = {
			isa = XCConfigurationList;
			buildConfigurations = (
				507B712B2EFDE03F00DE636E /* Debug */,
				507B712C2EFDE03F00DE636E /* Release */,
			);
			defaultConfigurationIsVisible = 0;
			defaultConfigurationName = Release;
		};
		507B712D2EFDE03F00DE636E /* Build configuration list for PBXNativeTarget "Trai" */ = {
			isa = XCConfigurationList;
			buildConfigurations = (
				507B712E2EFDE03F00DE636E /* Debug */,
				507B712F2EFDE03F00DE636E /* Release */,
			);
			defaultConfigurationIsVisible = 0;
			defaultConfigurationName = Release;
		};
		D100000E2A00000100D10001 /* Build configuration list for PBXNativeTarget "TraiUITests" */ = {
			isa = XCConfigurationList;
			buildConfigurations = (
				D100000D2A00000100D10001 /* Release */,
				D100000C2A00000100D10001 /* Debug */,
			);
			defaultConfigurationIsVisible = 0;
			defaultConfigurationName = Release;
		};
/* End XCConfigurationList section */
	};
	rootObject = 507B711A2EFDE03E00DE636E /* Project object */;
}
